// !$*UTF8*$!
{
	archiveVersion = 1;
	classes = {
	};
	objectVersion = 46;
	objects = {

/* Begin PBXBuildFile section */
		FAA55CA31B29DBD8004E5EA6 /* main.m in Sources */ = {isa = PBXBuildFile; fileRef = FAA55CA21B29DBD8004E5EA6 /* main.m */; };
		FAA55CA61B29DBD8004E5EA6 /* AppDelegate.m in Sources */ = {isa = PBXBuildFile; fileRef = FAA55CA51B29DBD8004E5EA6 /* AppDelegate.m */; };
		FAA55CA91B29DBD8004E5EA6 /* ViewController.m in Sources */ = {isa = PBXBuildFile; fileRef = FAA55CA81B29DBD8004E5EA6 /* ViewController.m */; };
		FAA55CAE1B29DBD8004E5EA6 /* Images.xcassets in Resources */ = {isa = PBXBuildFile; fileRef = FAA55CAD1B29DBD8004E5EA6 /* Images.xcassets */; };
		FAA55CB11B29DBD8004E5EA6 /* LaunchScreen.xib in Resources */ = {isa = PBXBuildFile; fileRef = FAA55CAF1B29DBD8004E5EA6 /* LaunchScreen.xib */; };
		FAA55CBD1B29DBD8004E5EA6 /* BlocBrowserTests.m in Sources */ = {isa = PBXBuildFile; fileRef = FAA55CBC1B29DBD8004E5EA6 /* BlocBrowserTests.m */; };
/* End PBXBuildFile section */

/* Begin PBXContainerItemProxy section */
		FAA55CB71B29DBD8004E5EA6 /* PBXContainerItemProxy */ = {
			isa = PBXContainerItemProxy;
			containerPortal = FAA55C951B29DBD8004E5EA6 /* Project object */;
			proxyType = 1;
			remoteGlobalIDString = FAA55C9C1B29DBD8004E5EA6;
			remoteInfo = BlocBrowser;
		};
/* End PBXContainerItemProxy section */

/* Begin PBXFileReference section */
		FAA55C9D1B29DBD8004E5EA6 /* BlocBrowser.app */ = {isa = PBXFileReference; explicitFileType = wrapper.application; includeInIndex = 0; path = BlocBrowser.app; sourceTree = BUILT_PRODUCTS_DIR; };
		FAA55CA11B29DBD8004E5EA6 /* Info.plist */ = {isa = PBXFileReference; lastKnownFileType = text.plist.xml; path = Info.plist; sourceTree = "<group>"; };
		FAA55CA21B29DBD8004E5EA6 /* main.m */ = {isa = PBXFileReference; lastKnownFileType = sourcecode.c.objc; path = main.m; sourceTree = "<group>"; };
		FAA55CA41B29DBD8004E5EA6 /* AppDelegate.h */ = {isa = PBXFileReference; lastKnownFileType = sourcecode.c.h; path = AppDelegate.h; sourceTree = "<group>"; };
		FAA55CA51B29DBD8004E5EA6 /* AppDelegate.m */ = {isa = PBXFileReference; lastKnownFileType = sourcecode.c.objc; path = AppDelegate.m; sourceTree = "<group>"; };
		FAA55CA71B29DBD8004E5EA6 /* ViewController.h */ = {isa = PBXFileReference; lastKnownFileType = sourcecode.c.h; path = ViewController.h; sourceTree = "<group>"; };
		FAA55CA81B29DBD8004E5EA6 /* ViewController.m */ = {isa = PBXFileReference; lastKnownFileType = sourcecode.c.objc; path = ViewController.m; sourceTree = "<group>"; };
		FAA55CAD1B29DBD8004E5EA6 /* Images.xcassets */ = {isa = PBXFileReference; lastKnownFileType = folder.assetcatalog; path = Images.xcassets; sourceTree = "<group>"; };
		FAA55CB01B29DBD8004E5EA6 /* Base */ = {isa = PBXFileReference; lastKnownFileType = file.xib; name = Base; path = Base.lproj/LaunchScreen.xib; sourceTree = "<group>"; };
		FAA55CB61B29DBD8004E5EA6 /* BlocBrowserTests.xctest */ = {isa = PBXFileReference; explicitFileType = wrapper.cfbundle; includeInIndex = 0; path = BlocBrowserTests.xctest; sourceTree = BUILT_PRODUCTS_DIR; };
		FAA55CBB1B29DBD8004E5EA6 /* Info.plist */ = {isa = PBXFileReference; lastKnownFileType = text.plist.xml; path = Info.plist; sourceTree = "<group>"; };
		FAA55CBC1B29DBD8004E5EA6 /* BlocBrowserTests.m */ = {isa = PBXFileReference; lastKnownFileType = sourcecode.c.objc; path = BlocBrowserTests.m; sourceTree = "<group>"; };
/* End PBXFileReference section */

/* Begin PBXFrameworksBuildPhase section */
		FAA55C9A1B29DBD8004E5EA6 /* Frameworks */ = {
			isa = PBXFrameworksBuildPhase;
			buildActionMask = 2147483647;
			files = (
			);
			runOnlyForDeploymentPostprocessing = 0;
		};
		FAA55CB31B29DBD8004E5EA6 /* Frameworks */ = {
			isa = PBXFrameworksBuildPhase;
			buildActionMask = 2147483647;
			files = (
			);
			runOnlyForDeploymentPostprocessing = 0;
		};
/* End PBXFrameworksBuildPhase section */

/* Begin PBXGroup section */
		FAA55C941B29DBD8004E5EA6 = {
			isa = PBXGroup;
			children = (
				FAA55C9F1B29DBD8004E5EA6 /* BlocBrowser */,
				FAA55CB91B29DBD8004E5EA6 /* BlocBrowserTests */,
				FAA55C9E1B29DBD8004E5EA6 /* Products */,
			);
			sourceTree = "<group>";
		};
		FAA55C9E1B29DBD8004E5EA6 /* Products */ = {
			isa = PBXGroup;
			children = (
				FAA55C9D1B29DBD8004E5EA6 /* BlocBrowser.app */,
				FAA55CB61B29DBD8004E5EA6 /* BlocBrowserTests.xctest */,
			);
			name = Products;
			sourceTree = "<group>";
		};
		FAA55C9F1B29DBD8004E5EA6 /* BlocBrowser */ = {
			isa = PBXGroup;
			children = (
				FAA55CA41B29DBD8004E5EA6 /* AppDelegate.h */,
				FAA55CA51B29DBD8004E5EA6 /* AppDelegate.m */,
				FAA55CA71B29DBD8004E5EA6 /* ViewController.h */,
				FAA55CA81B29DBD8004E5EA6 /* ViewController.m */,
				FAA55CAD1B29DBD8004E5EA6 /* Images.xcassets */,
				FAA55CAF1B29DBD8004E5EA6 /* LaunchScreen.xib */,
				FAA55CA01B29DBD8004E5EA6 /* Supporting Files */,
			);
			path = BlocBrowser;
			sourceTree = "<group>";
		};
		FAA55CA01B29DBD8004E5EA6 /* Supporting Files */ = {
			isa = PBXGroup;
			children = (
				FAA55CA11B29DBD8004E5EA6 /* Info.plist */,
				FAA55CA21B29DBD8004E5EA6 /* main.m */,
			);
			name = "Supporting Files";
			sourceTree = "<group>";
		};
		FAA55CB91B29DBD8004E5EA6 /* BlocBrowserTests */ = {
			isa = PBXGroup;
			children = (
				FAA55CBC1B29DBD8004E5EA6 /* BlocBrowserTests.m */,
				FAA55CBA1B29DBD8004E5EA6 /* Supporting Files */,
			);
			path = BlocBrowserTests;
			sourceTree = "<group>";
		};
		FAA55CBA1B29DBD8004E5EA6 /* Supporting Files */ = {
			isa = PBXGroup;
			children = (
				FAA55CBB1B29DBD8004E5EA6 /* Info.plist */,
			);
			name = "Supporting Files";
			sourceTree = "<group>";
		};
/* End PBXGroup section */

/* Begin PBXNativeTarget section */
		FAA55C9C1B29DBD8004E5EA6 /* BlocBrowser */ = {
			isa = PBXNativeTarget;
			buildConfigurationList = FAA55CC01B29DBD8004E5EA6 /* Build configuration list for PBXNativeTarget "BlocBrowser" */;
			buildPhases = (
				FAA55C991B29DBD8004E5EA6 /* Sources */,
				FAA55C9A1B29DBD8004E5EA6 /* Frameworks */,
				FAA55C9B1B29DBD8004E5EA6 /* Resources */,
			);
			buildRules = (
			);
			dependencies = (
			);
			name = BlocBrowser;
			productName = BlocBrowser;
			productReference = FAA55C9D1B29DBD8004E5EA6 /* BlocBrowser.app */;
			productType = "com.apple.product-type.application";
		};
		FAA55CB51B29DBD8004E5EA6 /* BlocBrowserTests */ = {
			isa = PBXNativeTarget;
			buildConfigurationList = FAA55CC31B29DBD8004E5EA6 /* Build configuration list for PBXNativeTarget "BlocBrowserTests" */;
			buildPhases = (
				FAA55CB21B29DBD8004E5EA6 /* Sources */,
				FAA55CB31B29DBD8004E5EA6 /* Frameworks */,
				FAA55CB41B29DBD8004E5EA6 /* Resources */,
			);
			buildRules = (
			);
			dependencies = (
				FAA55CB81B29DBD8004E5EA6 /* PBXTargetDependency */,
			);
			name = BlocBrowserTests;
			productName = BlocBrowserTests;
			productReference = FAA55CB61B29DBD8004E5EA6 /* BlocBrowserTests.xctest */;
			productType = "com.apple.product-type.bundle.unit-test";
		};
/* End PBXNativeTarget section */

/* Begin PBXProject section */
		FAA55C951B29DBD8004E5EA6 /* Project object */ = {
			isa = PBXProject;
			attributes = {
				LastUpgradeCheck = 0630;
				ORGANIZATIONNAME = "Ryan Summe";
				TargetAttributes = {
					FAA55C9C1B29DBD8004E5EA6 = {
						CreatedOnToolsVersion = 6.3.2;
					};
					FAA55CB51B29DBD8004E5EA6 = {
						CreatedOnToolsVersion = 6.3.2;
						TestTargetID = FAA55C9C1B29DBD8004E5EA6;
					};
				};
			};
			buildConfigurationList = FAA55C981B29DBD8004E5EA6 /* Build configuration list for PBXProject "BlocBrowser" */;
			compatibilityVersion = "Xcode 3.2";
			developmentRegion = English;
			hasScannedForEncodings = 0;
			knownRegions = (
				en,
				Base,
			);
			mainGroup = FAA55C941B29DBD8004E5EA6;
			productRefGroup = FAA55C9E1B29DBD8004E5EA6 /* Products */;
			projectDirPath = "";
			projectRoot = "";
			targets = (
				FAA55C9C1B29DBD8004E5EA6 /* BlocBrowser */,
				FAA55CB51B29DBD8004E5EA6 /* BlocBrowserTests */,
			);
		};
/* End PBXProject section */

/* Begin PBXResourcesBuildPhase section */
		FAA55C9B1B29DBD8004E5EA6 /* Resources */ = {
			isa = PBXResourcesBuildPhase;
			buildActionMask = 2147483647;
			files = (
				FAA55CB11B29DBD8004E5EA6 /* LaunchScreen.xib in Resources */,
				FAA55CAE1B29DBD8004E5EA6 /* Images.xcassets in Resources */,
			);
			runOnlyForDeploymentPostprocessing = 0;
		};
		FAA55CB41B29DBD8004E5EA6 /* Resources */ = {
			isa = PBXResourcesBuildPhase;
			buildActionMask = 2147483647;
			files = (
			);
			runOnlyForDeploymentPostprocessing = 0;
		};
/* End PBXResourcesBuildPhase section */

/* Begin PBXSourcesBuildPhase section */
		FAA55C991B29DBD8004E5EA6 /* Sources */ = {
			isa = PBXSourcesBuildPhase;
			buildActionMask = 2147483647;
			files = (
				FAA55CA91B29DBD8004E5EA6 /* ViewController.m in Sources */,
				FAA55CA61B29DBD8004E5EA6 /* AppDelegate.m in Sources */,
				FAA55CA31B29DBD8004E5EA6 /* main.m in Sources */,
			);
			runOnlyForDeploymentPostprocessing = 0;
		};
		FAA55CB21B29DBD8004E5EA6 /* Sources */ = {
			isa = PBXSourcesBuildPhase;
			buildActionMask = 2147483647;
			files = (
				FAA55CBD1B29DBD8004E5EA6 /* BlocBrowserTests.m in Sources */,
			);
			runOnlyForDeploymentPostprocessing = 0;
		};
/* End PBXSourcesBuildPhase section */

/* Begin PBXTargetDependency section */
		FAA55CB81B29DBD8004E5EA6 /* PBXTargetDependency */ = {
			isa = PBXTargetDependency;
			target = FAA55C9C1B29DBD8004E5EA6 /* BlocBrowser */;
			targetProxy = FAA55CB71B29DBD8004E5EA6 /* PBXContainerItemProxy */;
		};
/* End PBXTargetDependency section */

/* Begin PBXVariantGroup section */
		FAA55CAF1B29DBD8004E5EA6 /* LaunchScreen.xib */ = {
			isa = PBXVariantGroup;
			children = (
				FAA55CB01B29DBD8004E5EA6 /* Base */,
			);
			name = LaunchScreen.xib;
			sourceTree = "<group>";
		};
/* End PBXVariantGroup section */

/* Begin XCBuildConfiguration section */
		FAA55CBE1B29DBD8004E5EA6 /* Debug */ = {
			isa = XCBuildConfiguration;
			buildSettings = {
				ALWAYS_SEARCH_USER_PATHS = NO;
				CLANG_CXX_LANGUAGE_STANDARD = "gnu++0x";
				CLANG_CXX_LIBRARY = "libc++";
				CLANG_ENABLE_MODULES = YES;
				CLANG_ENABLE_OBJC_ARC = YES;
				CLANG_WARN_BOOL_CONVERSION = YES;
				CLANG_WARN_CONSTANT_CONVERSION = YES;
				CLANG_WARN_DIRECT_OBJC_ISA_USAGE = YES_ERROR;
				CLANG_WARN_EMPTY_BODY = YES;
				CLANG_WARN_ENUM_CONVERSION = YES;
				CLANG_WARN_INT_CONVERSION = YES;
				CLANG_WARN_OBJC_ROOT_CLASS = YES_ERROR;
				CLANG_WARN_UNREACHABLE_CODE = YES;
				CLANG_WARN__DUPLICATE_METHOD_MATCH = YES;
				"CODE_SIGN_IDENTITY[sdk=iphoneos*]" = "iPhone Developer";
				COPY_PHASE_STRIP = NO;
				DEBUG_INFORMATION_FORMAT = "dwarf-with-dsym";
				ENABLE_STRICT_OBJC_MSGSEND = YES;
				GCC_C_LANGUAGE_STANDARD = gnu99;
				GCC_DYNAMIC_NO_PIC = NO;
				GCC_NO_COMMON_BLOCKS = YES;
				GCC_OPTIMIZATION_LEVEL = 0;
				GCC_PREPROCESSOR_DEFINITIONS = (
					"DEBUG=1",
					"$(inherited)",
				);
				GCC_SYMBOLS_PRIVATE_EXTERN = NO;
				GCC_WARN_64_TO_32_BIT_CONVERSION = YES;
				GCC_WARN_ABOUT_RETURN_TYPE = YES_ERROR;
				GCC_WARN_UNDECLARED_SELECTOR = YES;
				GCC_WARN_UNINITIALIZED_AUTOS = YES_AGGRESSIVE;
				GCC_WARN_UNUSED_FUNCTION = YES;
				GCC_WARN_UNUSED_VARIABLE = YES;
				IPHONEOS_DEPLOYMENT_TARGET = 8.3;
				MTL_ENABLE_DEBUG_INFO = YES;
				ONLY_ACTIVE_ARCH = YES;
				SDKROOT = iphoneos;
				TARGETED_DEVICE_FAMILY = "1,2";
			};
			name = Debug;
		};
		FAA55CBF1B29DBD8004E5EA6 /* Release */ = {
			isa = XCBuildConfiguration;
			buildSettings = {
				ALWAYS_SEARCH_USER_PATHS = NO;
				CLANG_CXX_LANGUAGE_STANDARD = "gnu++0x";
				CLANG_CXX_LIBRARY = "libc++";
				CLANG_ENABLE_MODULES = YES;
				CLANG_ENABLE_OBJC_ARC = YES;
				CLANG_WARN_BOOL_CONVERSION = YES;
				CLANG_WARN_CONSTANT_CONVERSION = YES;
				CLANG_WARN_DIRECT_OBJC_ISA_USAGE = YES_ERROR;
				CLANG_WARN_EMPTY_BODY = YES;
				CLANG_WARN_ENUM_CONVERSION = YES;
				CLANG_WARN_INT_CONVERSION = YES;
				CLANG_WARN_OBJC_ROOT_CLASS = YES_ERROR;
				CLANG_WARN_UNREACHABLE_CODE = YES;
				CLANG_WARN__DUPLICATE_METHOD_MATCH = YES;
				"CODE_SIGN_IDENTITY[sdk=iphoneos*]" = "iPhone Developer";
				COPY_PHASE_STRIP = NO;
				DEBUG_INFORMATION_FORMAT = "dwarf-with-dsym";
				ENABLE_NS_ASSERTIONS = NO;
				ENABLE_STRICT_OBJC_MSGSEND = YES;
				GCC_C_LANGUAGE_STANDARD = gnu99;
				GCC_NO_COMMON_BLOCKS = YES;
				GCC_WARN_64_TO_32_BIT_CONVERSION = YES;
				GCC_WARN_ABOUT_RETURN_TYPE = YES_ERROR;
				GCC_WARN_UNDECLARED_SELECTOR = YES;
				GCC_WARN_UNINITIALIZED_AUTOS = YES_AGGRESSIVE;
				GCC_WARN_UNUSED_FUNCTION = YES;
				GCC_WARN_UNUSED_VARIABLE = YES;
				IPHONEOS_DEPLOYMENT_TARGET = 8.3;
				MTL_ENABLE_DEBUG_INFO = NO;
				SDKROOT = iphoneos;
				TARGETED_DEVICE_FAMILY = "1,2";
				VALIDATE_PRODUCT = YES;
			};
			name = Release;
		};
		FAA55CC11B29DBD8004E5EA6 /* Debug */ = {
			isa = XCBuildConfiguration;
			buildSettings = {
				ASSETCATALOG_COMPILER_APPICON_NAME = AppIcon;
				INFOPLIST_FILE = BlocBrowser/Info.plist;
				LD_RUNPATH_SEARCH_PATHS = "$(inherited) @executable_path/Frameworks";
				PRODUCT_NAME = "$(TARGET_NAME)";
				TARGETED_DEVICE_FAMILY = "1,2";
			};
			name = Debug;
		};
		FAA55CC21B29DBD8004E5EA6 /* Release */ = {
			isa = XCBuildConfiguration;
			buildSettings = {
				ASSETCATALOG_COMPILER_APPICON_NAME = AppIcon;
				INFOPLIST_FILE = BlocBrowser/Info.plist;
				LD_RUNPATH_SEARCH_PATHS = "$(inherited) @executable_path/Frameworks";
				PRODUCT_NAME = "$(TARGET_NAME)";
				TARGETED_DEVICE_FAMILY = "1,2";
			};
			name = Release;
		};
		FAA55CC41B29DBD8004E5EA6 /* Debug */ = {
			isa = XCBuildConfiguration;
			buildSettings = {
				BUNDLE_LOADER = "$(TEST_HOST)";
				FRAMEWORK_SEARCH_PATHS = (
					"$(SDKROOT)/Developer/Library/Frameworks",
					"$(inherited)",
				);
				GCC_PREPROCESSOR_DEFINITIONS = (
					"DEBUG=1",
					"$(inherited)",
				);
				INFOPLIST_FILE = BlocBrowserTests/Info.plist;
				LD_RUNPATH_SEARCH_PATHS = "$(inherited) @executable_path/Frameworks @loader_path/Frameworks";
				PRODUCT_NAME = "$(TARGET_NAME)";
				TEST_HOST = "$(BUILT_PRODUCTS_DIR)/BlocBrowser.app/BlocBrowser";
			};
			name = Debug;
		};
		FAA55CC51B29DBD8004E5EA6 /* Release */ = {
			isa = XCBuildConfiguration;
			buildSettings = {
				BUNDLE_LOADER = "$(TEST_HOST)";
				FRAMEWORK_SEARCH_PATHS = (
					"$(SDKROOT)/Developer/Library/Frameworks",
					"$(inherited)",
				);
				INFOPLIST_FILE = BlocBrowserTests/Info.plist;
				LD_RUNPATH_SEARCH_PATHS = "$(inherited) @executable_path/Frameworks @loader_path/Frameworks";
				PRODUCT_NAME = "$(TARGET_NAME)";
				TEST_HOST = "$(BUILT_PRODUCTS_DIR)/BlocBrowser.app/BlocBrowser";
			};
			name = Release;
		};
/* End XCBuildConfiguration section */

/* Begin XCConfigurationList section */
		FAA55C981B29DBD8004E5EA6 /* Build configuration list for PBXProject "BlocBrowser" */ = {
			isa = XCConfigurationList;
			buildConfigurations = (
				FAA55CBE1B29DBD8004E5EA6 /* Debug */,
				FAA55CBF1B29DBD8004E5EA6 /* Release */,
			);
			defaultConfigurationIsVisible = 0;
			defaultConfigurationName = Release;
		};
		FAA55CC01B29DBD8004E5EA6 /* Build configuration list for PBXNativeTarget "BlocBrowser" */ = {
			isa = XCConfigurationList;
			buildConfigurations = (
				FAA55CC11B29DBD8004E5EA6 /* Debug */,
				FAA55CC21B29DBD8004E5EA6 /* Release */,
			);
			defaultConfigurationIsVisible = 0;
		};
		FAA55CC31B29DBD8004E5EA6 /* Build configuration list for PBXNativeTarget "BlocBrowserTests" */ = {
			isa = XCConfigurationList;
			buildConfigurations = (
				FAA55CC41B29DBD8004E5EA6 /* Debug */,
				FAA55CC51B29DBD8004E5EA6 /* Release */,
			);
			defaultConfigurationIsVisible = 0;
		};
/* End XCConfigurationList section */
	};
	rootObject = FAA55C951B29DBD8004E5EA6 /* Project object */;
}
